# THIS IS AN AUTOGENERATED FILE. DO NOT EDIT THIS FILE DIRECTLY.
# yarn lockfile v1


"@guscrawford.com/cleye@../dist":
  version "0.0.2-alpha"

"@types/node@8":
  version "8.10.49"
  resolved "https://registry.yarnpkg.com/@types/node/-/node-8.10.49.tgz#f331afc5efed0796798e5591d6e0ece636969b7b"
